hash: c3f2b8c508e99fa74d7b97ec76718b5284c0557efb186c16798bace83485af85
updated: 2017-01-21T11:02:10.481290525Z
imports:
- name: github.com/apcera/termtables
  version: 376560f0b13dc5279cd16f6f94a3e3fab6008b23
  subpackages:
  - term
- name: github.com/elazarl/go-bindata-assetfs
  version: 9a6736ed45b44bf3835afeebb3034b57ed329f3e
- name: github.com/garyburd/redigo
  version: 8873b2f1995f59d4bcdd2b0dc9858e2cb9bf0c13
  subpackages:
  - internal
  - redis
- name: github.com/gorilla/context
  version: 08b5f424b9271eedf6f9f0ce86cb9396ed337a42
- name: github.com/gorilla/mux
  version: 392c28fe23e1c45ddba891b0320b3b5df220beea
- name: github.com/gosuri/uilive
  version: efb88ccd059957c48f24f9d351d33a0eb00ede41
- name: github.com/mattn/go-isatty
  version: 30a891c33c7cde7b02a981314b4228ec99380cca
- name: golang.org/x/sys
  version: d75a52659825e75fff6158388dddc6a5b04f9ba5
  subpackages:
  - unix
testImports: []
